// !$*UTF8*$!
{
	archiveVersion = 1;
	classes = {
	};
	objectVersion = 50;
	objects = {

/* Begin PBXBuildFile section */
		AE99BA862469BFAB00F892DE /* AppDelegate.swift in Sources */ = {isa = PBXBuildFile; fileRef = AE99BA852469BFAB00F892DE /* AppDelegate.swift */; };
		AE99BA882469BFAB00F892DE /* SceneDelegate.swift in Sources */ = {isa = PBXBuildFile; fileRef = AE99BA872469BFAB00F892DE /* SceneDelegate.swift */; };
		AE99BA8A2469BFAB00F892DE /* ViewController.swift in Sources */ = {isa = PBXBuildFile; fileRef = AE99BA892469BFAB00F892DE /* ViewController.swift */; };
		AE99BA8D2469BFAB00F892DE /* Main.storyboard in Resources */ = {isa = PBXBuildFile; fileRef = AE99BA8B2469BFAB00F892DE /* Main.storyboard */; };
		AE99BA8F2469BFB100F892DE /* Assets.xcassets in Resources */ = {isa = PBXBuildFile; fileRef = AE99BA8E2469BFB100F892DE /* Assets.xcassets */; };
		AE99BA922469BFB100F892DE /* LaunchScreen.storyboard in Resources */ = {isa = PBXBuildFile; fileRef = AE99BA902469BFB100F892DE /* LaunchScreen.storyboard */; };
/* End PBXBuildFile section */

/* Begin PBXFileReference section */
		AE99BA822469BFAB00F892DE /* Count.app */ = {isa = PBXFileReference; explicitFileType = wrapper.application; includeInIndex = 0; path = Count.app; sourceTree = BUILT_PRODUCTS_DIR; };
		AE99BA852469BFAB00F892DE /* AppDelegate.swift */ = {isa = PBXFileReference; lastKnownFileType = sourcecode.swift; path = AppDelegate.swift; sourceTree = "<group>"; };
		AE99BA872469BFAB00F892DE /* SceneDelegate.swift */ = {isa = PBXFileReference; lastKnownFileType = sourcecode.swift; path = SceneDelegate.swift; sourceTree = "<group>"; };
		AE99BA892469BFAB00F892DE /* ViewController.swift */ = {isa = PBXFileReference; lastKnownFileType = sourcecode.swift; path = ViewController.swift; sourceTree = "<group>"; };
		AE99BA8C2469BFAB00F892DE /* Base */ = {isa = PBXFileReference; lastKnownFileType = file.storyboard; name = Base; path = Base.lproj/Main.storyboard; sourceTree = "<group>"; };
		AE99BA8E2469BFB100F892DE /* Assets.xcassets */ = {isa = PBXFileReference; lastKnownFileType = folder.assetcatalog; path = Assets.xcassets; sourceTree = "<group>"; };
		AE99BA912469BFB100F892DE /* Base */ = {isa = PBXFileReference; lastKnownFileType = file.storyboard; name = Base; path = Base.lproj/LaunchScreen.storyboard; sourceTree = "<group>"; };
		AE99BA932469BFB100F892DE /* Info.plist */ = {isa = PBXFileReference; lastKnownFileType = text.plist.xml; path = Info.plist; sourceTree = "<group>"; };
/* End PBXFileReference section */

/* Begin PBXFrameworksBuildPhase section */
		AE99BA7F2469BFAB00F892DE /* Frameworks */ = {
			isa = PBXFrameworksBuildPhase;
			buildActionMask = 2147483647;
			files = (
			);
			runOnlyForDeploymentPostprocessing = 0;
		};
/* End PBXFrameworksBuildPhase section */

/* Begin PBXGroup section */
		AE99BA792469BFAB00F892DE = {
			isa = PBXGroup;
			children = (
				AE99BA842469BFAB00F892DE /* Count */,
				AE99BA832469BFAB00F892DE /* Products */,
			);
			sourceTree = "<group>";
		};
		AE99BA832469BFAB00F892DE /* Products */ = {
			isa = PBXGroup;
			children = (
				AE99BA822469BFAB00F892DE /* Count.app */,
			);
			name = Products;
			sourceTree = "<group>";
		};
		AE99BA842469BFAB00F892DE /* Count */ = {
			isa = PBXGroup;
			children = (
				AE99BA852469BFAB00F892DE /* AppDelegate.swift */,
				AE99BA872469BFAB00F892DE /* SceneDelegate.swift */,
				AE99BA892469BFAB00F892DE /* ViewController.swift */,
				AE99BA8B2469BFAB00F892DE /* Main.storyboard */,
				AE99BA8E2469BFB100F892DE /* Assets.xcassets */,
				AE99BA902469BFB100F892DE /* LaunchScreen.storyboard */,
				AE99BA932469BFB100F892DE /* Info.plist */,
			);
			path = Count;
			sourceTree = "<group>";
		};
/* End PBXGroup section */

/* Begin PBXNativeTarget section */
		AE99BA812469BFAB00F892DE /* Count */ = {
			isa = PBXNativeTarget;
			buildConfigurationList = AE99BA962469BFB100F892DE /* Build configuration list for PBXNativeTarget "Count" */;
			buildPhases = (
				AE99BA7E2469BFAB00F892DE /* Sources */,
				AE99BA7F2469BFAB00F892DE /* Frameworks */,
				AE99BA802469BFAB00F892DE /* Resources */,
			);
			buildRules = (
			);
			dependencies = (
			);
			name = Count;
			productName = Count;
			productReference = AE99BA822469BFAB00F892DE /* Count.app */;
			productType = "com.apple.product-type.application";
		};
/* End PBXNativeTarget section */

/* Begin PBXProject section */
		AE99BA7A2469BFAB00F892DE /* Project object */ = {
			isa = PBXProject;
			attributes = {
				LastSwiftUpdateCheck = 1140;
				LastUpgradeCheck = 1140;
				ORGANIZATIONNAME = "esaki yuKki";
				TargetAttributes = {
					AE99BA812469BFAB00F892DE = {
						CreatedOnToolsVersion = 11.4.1;
					};
				};
			};
			buildConfigurationList = AE99BA7D2469BFAB00F892DE /* Build configuration list for PBXProject "Count" */;
			compatibilityVersion = "Xcode 9.3";
			developmentRegion = en;
			hasScannedForEncodings = 0;
			knownRegions = (
				en,
				Base,
			);
			mainGroup = AE99BA792469BFAB00F892DE;
			productRefGroup = AE99BA832469BFAB00F892DE /* Products */;
			projectDirPath = "";
			projectRoot = "";
			targets = (
				AE99BA812469BFAB00F892DE /* Count */,
			);
		};
/* End PBXProject section */

/* Begin PBXResourcesBuildPhase section */
		AE99BA802469BFAB00F892DE /* Resources */ = {
			isa = PBXResourcesBuildPhase;
			buildActionMask = 2147483647;
			files = (
				AE99BA922469BFB100F892DE /* LaunchScreen.storyboard in Resources */,
				AE99BA8F2469BFB100F892DE /* Assets.xcassets in Resources */,
				AE99BA8D2469BFAB00F892DE /* Main.storyboard in Resources */,
			);
			runOnlyForDeploymentPostprocessing = 0;
		};
/* End PBXResourcesBuildPhase section */

/* Begin PBXSourcesBuildPhase section */
		AE99BA7E2469BFAB00F892DE /* Sources */ = {
			isa = PBXSourcesBuildPhase;
			buildActionMask = 2147483647;
			files = (
				AE99BA8A2469BFAB00F892DE /* ViewController.swift in Sources */,
				AE99BA862469BFAB00F892DE /* AppDelegate.swift in Sources */,
				AE99BA882469BFAB00F892DE /* SceneDelegate.swift in Sources */,
			);
			runOnlyForDeploymentPostprocessing = 0;
		};
/* End PBXSourcesBuildPhase section */

/* Begin PBXVariantGroup section */
		AE99BA8B2469BFAB00F892DE /* Main.storyboard */ = {
			isa = PBXVariantGroup;
			children = (
				AE99BA8C2469BFAB00F892DE /* Base */,
			);
			name = Main.storyboard;
			sourceTree = "<group>";
		};
		AE99BA902469BFB100F892DE /* LaunchScreen.storyboard */ = {
			isa = PBXVariantGroup;
			children = (
				AE99BA912469BFB100F892DE /* Base */,
			);
			name = LaunchScreen.storyboard;
			sourceTree = "<group>";
		};
/* End PBXVariantGroup section */

/* Begin XCBuildConfiguration section */
		AE99BA942469BFB100F892DE /* Debug */ = {
			isa = XCBuildConfiguration;
			buildSettings = {
				ALWAYS_SEARCH_USER_PATHS = NO;
				CLANG_ANALYZER_NONNULL = YES;
				CLANG_ANALYZER_NUMBER_OBJECT_CONVERSION = YES_AGGRESSIVE;
				CLANG_CXX_LANGUAGE_STANDARD = "gnu++14";
				CLANG_CXX_LIBRARY = "libc++";
				CLANG_ENABLE_MODULES = YES;
				CLANG_ENABLE_OBJC_ARC = YES;
				CLANG_ENABLE_OBJC_WEAK = YES;
				CLANG_WARN_BLOCK_CAPTURE_AUTORELEASING = YES;
				CLANG_WARN_BOOL_CONVERSION = YES;
				CLANG_WARN_COMMA = YES;
				CLANG_WARN_CONSTANT_CONVERSION = YES;
				CLANG_WARN_DEPRECATED_OBJC_IMPLEMENTATIONS = YES;
				CLANG_WARN_DIRECT_OBJC_ISA_USAGE = YES_ERROR;
				CLANG_WARN_DOCUMENTATION_COMMENTS = YES;
				CLANG_WARN_EMPTY_BODY = YES;
				CLANG_WARN_ENUM_CONVERSION = YES;
				CLANG_WARN_INFINITE_RECURSION = YES;
				CLANG_WARN_INT_CONVERSION = YES;
				CLANG_WARN_NON_LITERAL_NULL_CONVERSION = YES;
				CLANG_WARN_OBJC_IMPLICIT_RETAIN_SELF = YES;
				CLANG_WARN_OBJC_LITERAL_CONVERSION = YES;
				CLANG_WARN_OBJC_ROOT_CLASS = YES_ERROR;
				CLANG_WARN_RANGE_LOOP_ANALYSIS = YES;
				CLANG_WARN_STRICT_PROTOTYPES = YES;
				CLANG_WARN_SUSPICIOUS_MOVE = YES;
				CLANG_WARN_UNGUARDED_AVAILABILITY = YES_AGGRESSIVE;
				CLANG_WARN_UNREACHABLE_CODE = YES;
				CLANG_WARN__DUPLICATE_METHOD_MATCH = YES;
				COPY_PHASE_STRIP = NO;
				DEBUG_INFORMATION_FORMAT = dwarf;
				ENABLE_STRICT_OBJC_MSGSEND = YES;
				ENABLE_TESTABILITY = YES;
				GCC_C_LANGUAGE_STANDARD = gnu11;
				GCC_DYNAMIC_NO_PIC = NO;
				GCC_NO_COMMON_BLOCKS = YES;
				GCC_OPTIMIZATION_LEVEL = 0;
				GCC_PREPROCESSOR_DEFINITIONS = (
					"DEBUG=1",
					"$(inherited)",
				);
				GCC_WARN_64_TO_32_BIT_CONVERSION = YES;
				GCC_WARN_ABOUT_RETURN_TYPE = YES_ERROR;
				GCC_WARN_UNDECLARED_SELECTOR = YES;
				GCC_WARN_UNINITIALIZED_AUTOS = YES_AGGRESSIVE;
				GCC_WARN_UNUSED_FUNCTION = YES;
				GCC_WARN_UNUSED_VARIABLE = YES;
				IPHONEOS_DEPLOYMENT_TARGET = 13.4;
				MTL_ENABLE_DEBUG_INFO = INCLUDE_SOURCE;
				MTL_FAST_MATH = YES;
				ONLY_ACTIVE_ARCH = YES;
				SDKROOT = iphoneos;
				SWIFT_ACTIVE_COMPILATION_CONDITIONS = DEBUG;
				SWIFT_OPTIMIZATION_LEVEL = "-Onone";
			};
			name = Debug;
		};
		AE99BA952469BFB100F892DE /* Release */ = {
			isa = XCBuildConfiguration;
			buildSettings = {
				ALWAYS_SEARCH_USER_PATHS = NO;
				CLANG_ANALYZER_NONNULL = YES;
				CLANG_ANALYZER_NUMBER_OBJECT_CONVERSION = YES_AGGRESSIVE;
				CLANG_CXX_LANGUAGE_STANDARD = "gnu++14";
				CLANG_CXX_LIBRARY = "libc++";
				CLANG_ENABLE_MODULES = YES;
				CLANG_ENABLE_OBJC_ARC = YES;
				CLANG_ENABLE_OBJC_WEAK = YES;
				CLANG_WARN_BLOCK_CAPTURE_AUTORELEASING = YES;
				CLANG_WARN_BOOL_CONVERSION = YES;
				CLANG_WARN_COMMA = YES;
				CLANG_WARN_CONSTANT_CONVERSION = YES;
				CLANG_WARN_DEPRECATED_OBJC_IMPLEMENTATIONS = YES;
				CLANG_WARN_DIRECT_OBJC_ISA_USAGE = YES_ERROR;
				CLANG_WARN_DOCUMENTATION_COMMENTS = YES;
				CLANG_WARN_EMPTY_BODY = YES;
				CLANG_WARN_ENUM_CONVERSION = YES;
				CLANG_WARN_INFINITE_RECURSION = YES;
				CLANG_WARN_INT_CONVERSION = YES;
				CLANG_WARN_NON_LITERAL_NULL_CONVERSION = YES;
				CLANG_WARN_OBJC_IMPLICIT_RETAIN_SELF = YES;
				CLANG_WARN_OBJC_LITERAL_CONVERSION = YES;
				CLANG_WARN_OBJC_ROOT_CLASS = YES_ERROR;
				CLANG_WARN_RANGE_LOOP_ANALYSIS = YES;
				CLANG_WARN_STRICT_PROTOTYPES = YES;
				CLANG_WARN_SUSPICIOUS_MOVE = YES;
				CLANG_WARN_UNGUARDED_AVAILABILITY = YES_AGGRESSIVE;
				CLANG_WARN_UNREACHABLE_CODE = YES;
				CLANG_WARN__DUPLICATE_METHOD_MATCH = YES;
				COPY_PHASE_STRIP = NO;
				DEBUG_INFORMATION_FORMAT = "dwarf-with-dsym";
				ENABLE_NS_ASSERTIONS = NO;
				ENABLE_STRICT_OBJC_MSGSEND = YES;
				GCC_C_LANGUAGE_STANDARD = gnu11;
				GCC_NO_COMMON_BLOCKS = YES;
				GCC_WARN_64_TO_32_BIT_CONVERSION = YES;
				GCC_WARN_ABOUT_RETURN_TYPE = YES_ERROR;
				GCC_WARN_UNDECLARED_SELECTOR = YES;
				GCC_WARN_UNINITIALIZED_AUTOS = YES_AGGRESSIVE;
				GCC_WARN_UNUSED_FUNCTION = YES;
				GCC_WARN_UNUSED_VARIABLE = YES;
				IPHONEOS_DEPLOYMENT_TARGET = 13.4;
				MTL_ENABLE_DEBUG_INFO = NO;
				MTL_FAST_MATH = YES;
				SDKROOT = iphoneos;
				SWIFT_COMPILATION_MODE = wholemodule;
				SWIFT_OPTIMIZATION_LEVEL = "-O";
				VALIDATE_PRODUCT = YES;
			};
			name = Release;
		};
		AE99BA972469BFB100F892DE /* Debug */ = {
			isa = XCBuildConfiguration;
			buildSettings = {
				ASSETCATALOG_COMPILER_APPICON_NAME = AppIcon;
				CODE_SIGN_STYLE = Automatic;
				INFOPLIST_FILE = Count/Info.plist;
				LD_RUNPATH_SEARCH_PATHS = (
					"$(inherited)",
					"@executable_path/Frameworks",
				);
				PRODUCT_BUNDLE_IDENTIFIER = app.esaki.yukki.Count;
				PRODUCT_NAME = "$(TARGET_NAME)";
				SWIFT_VERSION = 5.0;
				TARGETED_DEVICE_FAMILY = "1,2";
			};
			name = Debug;
		};
		AE99BA982469BFB100F892DE /* Release */ = {
			isa = XCBuildConfiguration;
			buildSettings = {
				ASSETCATALOG_COMPILER_APPICON_NAME = AppIcon;
				CODE_SIGN_STYLE = Automatic;
				INFOPLIST_FILE = Count/Info.plist;
				LD_RUNPATH_SEARCH_PATHS = (
					"$(inherited)",
					"@executable_path/Frameworks",
				);
				PRODUCT_BUNDLE_IDENTIFIER = app.esaki.yukki.Count;
				PRODUCT_NAME = "$(TARGET_NAME)";
				SWIFT_VERSION = 5.0;
				TARGETED_DEVICE_FAMILY = "1,2";
			};
			name = Release;
		};
/* End XCBuildConfiguration section */

/* Begin XCConfigurationList section */
		AE99BA7D2469BFAB00F892DE /* Build configuration list for PBXProject "Count" */ = {
			isa = XCConfigurationList;
			buildConfigurations = (
				AE99BA942469BFB100F892DE /* Debug */,
				AE99BA952469BFB100F892DE /* Release */,
			);
			defaultConfigurationIsVisible = 0;
			defaultConfigurationName = Release;
		};
		AE99BA962469BFB100F892DE /* Build configuration list for PBXNativeTarget "Count" */ = {
			isa = XCConfigurationList;
			buildConfigurations = (
				AE99BA972469BFB100F892DE /* Debug */,
				AE99BA982469BFB100F892DE /* Release */,
			);
			defaultConfigurationIsVisible = 0;
			defaultConfigurationName = Release;
		};
/* End XCConfigurationList section */
	};
	rootObject = AE99BA7A2469BFAB00F892DE /* Project object */;
}
